
Microsoft Visual Studio Solution File, Format Version 12.00
# Visual Studio 15
VisualStudioVersion = 15.0.27130.2036
MinimumVisualStudioVersion = 10.0.40219.1
Project("{FAE04EC0-301F-11D3-BF4B-00C04F79EFBC}") = "MusicAppFinal", "MusicAppFinal\MusicAppFinal.csproj", "{549ADC93-C108-4B59-9C2E-C35106442252}"
EndProject
Global
	GlobalSection(SolutionConfigurationPlatforms) = preSolution
		Debug|Any CPU = Debug|Any CPU
		Release|Any CPU = Release|Any CPU
	EndGlobalSection
	GlobalSection(ProjectConfigurationPlatforms) = postSolution
		{549ADC93-C108-4B59-9C2E-C35106442252}.Debug|Any CPU.ActiveCfg = Debug|Any CPU
		{549ADC93-C108-4B59-9C2E-C35106442252}.Debug|Any CPU.Build.0 = Debug|Any CPU
		{549ADC93-C108-4B59-9C2E-C35106442252}.Release|Any CPU.ActiveCfg = Release|Any CPU
		{549ADC93-C108-4B59-9C2E-C35106442252}.Release|Any CPU.Build.0 = Release|Any CPU
	EndGlobalSection
	GlobalSection(SolutionProperties) = preSolution
		HideSolutionNode = FALSE
	EndGlobalSection
	GlobalSection(ExtensibilityGlobals) = postSolution
		SolutionGuid = {EF4EB0F2-D668-4B2F-9CE6-D8DDA4A6D695}
	EndGlobalSection
EndGlobal
